
Microsoft Visual Studio Solution File, Format Version 12.00
# Visual Studio 15
VisualStudioVersion = 15.0.26124.0
MinimumVisualStudioVersion = 15.0.26124.0
Project("{FAE04EC0-301F-11D3-BF4B-00C04F79EFBC}") = "RazorApplication", "RazorApplication\RazorApplication.csproj", "{9E377F02-AA3A-4CA6-AE79-1748DAD403B1}"
EndProject
Project("{FAE04EC0-301F-11D3-BF4B-00C04F79EFBC}") = "WebServices", "WebServices\WebServices.csproj", "{39F42EE6-40DE-4F83-8A75-D18604E0651C}"
EndProject
Project("{FAE04EC0-301F-11D3-BF4B-00C04F79EFBC}") = "Repositories", "Repositories\Repositories.csproj", "{5122ADC5-121E-43AF-84C9-4B89CC9598D1}"
EndProject
Project("{FAE04EC0-301F-11D3-BF4B-00C04F79EFBC}") = "DataAccessLayer", "DataAccessLayer\DataAccessLayer.csproj", "{12D7C1D9-2326-4086-A2D4-E4734E8C0945}"
EndProject
Project("{FAE04EC0-301F-11D3-BF4B-00C04F79EFBC}") = "CommonLibraries", "CommonLibraries\CommonLibraries.csproj", "{A92D43A7-281F-4498-99F3-83E6D263C814}"
EndProject
Project("{FAE04EC0-301F-11D3-BF4B-00C04F79EFBC}") = "FrameworkCore", "FrameworkCore\FrameworkCore.csproj", "{B072E654-A8EC-400D-AB52-5D07DE50DF68}"
EndProject
Project("{FAE04EC0-301F-11D3-BF4B-00C04F79EFBC}") = "ProjectUnitTest", "ProjectUnitTest\ProjectUnitTest.csproj", "{AE6EA854-58BF-41BE-85E1-6BBA63695C22}"
EndProject
Global
	GlobalSection(SolutionConfigurationPlatforms) = preSolution
		Debug|Any CPU = Debug|Any CPU
		Debug|x64 = Debug|x64
		Debug|x86 = Debug|x86
		Release|Any CPU = Release|Any CPU
		Release|x64 = Release|x64
		Release|x86 = Release|x86
	EndGlobalSection
	GlobalSection(SolutionProperties) = preSolution
		HideSolutionNode = FALSE
	EndGlobalSection
	GlobalSection(ProjectConfigurationPlatforms) = postSolution
		{9E377F02-AA3A-4CA6-AE79-1748DAD403B1}.Debug|Any CPU.ActiveCfg = Debug|Any CPU
		{9E377F02-AA3A-4CA6-AE79-1748DAD403B1}.Debug|Any CPU.Build.0 = Debug|Any CPU
		{9E377F02-AA3A-4CA6-AE79-1748DAD403B1}.Debug|x64.ActiveCfg = Debug|Any CPU
		{9E377F02-AA3A-4CA6-AE79-1748DAD403B1}.Debug|x64.Build.0 = Debug|Any CPU
		{9E377F02-AA3A-4CA6-AE79-1748DAD403B1}.Debug|x86.ActiveCfg = Debug|Any CPU
		{9E377F02-AA3A-4CA6-AE79-1748DAD403B1}.Debug|x86.Build.0 = Debug|Any CPU
		{9E377F02-AA3A-4CA6-AE79-1748DAD403B1}.Release|Any CPU.ActiveCfg = Release|Any CPU
		{9E377F02-AA3A-4CA6-AE79-1748DAD403B1}.Release|Any CPU.Build.0 = Release|Any CPU
		{9E377F02-AA3A-4CA6-AE79-1748DAD403B1}.Release|x64.ActiveCfg = Release|Any CPU
		{9E377F02-AA3A-4CA6-AE79-1748DAD403B1}.Release|x64.Build.0 = Release|Any CPU
		{9E377F02-AA3A-4CA6-AE79-1748DAD403B1}.Release|x86.ActiveCfg = Release|Any CPU
		{9E377F02-AA3A-4CA6-AE79-1748DAD403B1}.Release|x86.Build.0 = Release|Any CPU
		{39F42EE6-40DE-4F83-8A75-D18604E0651C}.Debug|Any CPU.ActiveCfg = Debug|Any CPU
		{39F42EE6-40DE-4F83-8A75-D18604E0651C}.Debug|Any CPU.Build.0 = Debug|Any CPU
		{39F42EE6-40DE-4F83-8A75-D18604E0651C}.Debug|x64.ActiveCfg = Debug|Any CPU
		{39F42EE6-40DE-4F83-8A75-D18604E0651C}.Debug|x64.Build.0 = Debug|Any CPU
		{39F42EE6-40DE-4F83-8A75-D18604E0651C}.Debug|x86.ActiveCfg = Debug|Any CPU
		{39F42EE6-40DE-4F83-8A75-D18604E0651C}.Debug|x86.Build.0 = Debug|Any CPU
		{39F42EE6-40DE-4F83-8A75-D18604E0651C}.Release|Any CPU.ActiveCfg = Release|Any CPU
		{39F42EE6-40DE-4F83-8A75-D18604E0651C}.Release|Any CPU.Build.0 = Release|Any CPU
		{39F42EE6-40DE-4F83-8A75-D18604E0651C}.Release|x64.ActiveCfg = Release|Any CPU
		{39F42EE6-40DE-4F83-8A75-D18604E0651C}.Release|x64.Build.0 = Release|Any CPU
		{39F42EE6-40DE-4F83-8A75-D18604E0651C}.Release|x86.ActiveCfg = Release|Any CPU
		{39F42EE6-40DE-4F83-8A75-D18604E0651C}.Release|x86.Build.0 = Release|Any CPU
		{5122ADC5-121E-43AF-84C9-4B89CC9598D1}.Debug|Any CPU.ActiveCfg = Debug|Any CPU
		{5122ADC5-121E-43AF-84C9-4B89CC9598D1}.Debug|Any CPU.Build.0 = Debug|Any CPU
		{5122ADC5-121E-43AF-84C9-4B89CC9598D1}.Debug|x64.ActiveCfg = Debug|Any CPU
		{5122ADC5-121E-43AF-84C9-4B89CC9598D1}.Debug|x64.Build.0 = Debug|Any CPU
		{5122ADC5-121E-43AF-84C9-4B89CC9598D1}.Debug|x86.ActiveCfg = Debug|Any CPU
		{5122ADC5-121E-43AF-84C9-4B89CC9598D1}.Debug|x86.Build.0 = Debug|Any CPU
		{5122ADC5-121E-43AF-84C9-4B89CC9598D1}.Release|Any CPU.ActiveCfg = Release|Any CPU
		{5122ADC5-121E-43AF-84C9-4B89CC9598D1}.Release|Any CPU.Build.0 = Release|Any CPU
		{5122ADC5-121E-43AF-84C9-4B89CC9598D1}.Release|x64.ActiveCfg = Release|Any CPU
		{5122ADC5-121E-43AF-84C9-4B89CC9598D1}.Release|x64.Build.0 = Release|Any CPU
		{5122ADC5-121E-43AF-84C9-4B89CC9598D1}.Release|x86.ActiveCfg = Release|Any CPU
		{5122ADC5-121E-43AF-84C9-4B89CC9598D1}.Release|x86.Build.0 = Release|Any CPU
		{12D7C1D9-2326-4086-A2D4-E4734E8C0945}.Debug|Any CPU.ActiveCfg = Debug|Any CPU
		{12D7C1D9-2326-4086-A2D4-E4734E8C0945}.Debug|Any CPU.Build.0 = Debug|Any CPU
		{12D7C1D9-2326-4086-A2D4-E4734E8C0945}.Debug|x64.ActiveCfg = Debug|Any CPU
		{12D7C1D9-2326-4086-A2D4-E4734E8C0945}.Debug|x64.Build.0 = Debug|Any CPU
		{12D7C1D9-2326-4086-A2D4-E4734E8C0945}.Debug|x86.ActiveCfg = Debug|Any CPU
		{12D7C1D9-2326-4086-A2D4-E4734E8C0945}.Debug|x86.Build.0 = Debug|Any CPU
		{12D7C1D9-2326-4086-A2D4-E4734E8C0945}.Release|Any CPU.ActiveCfg = Release|Any CPU
		{12D7C1D9-2326-4086-A2D4-E4734E8C0945}.Release|Any CPU.Build.0 = Release|Any CPU
		{12D7C1D9-2326-4086-A2D4-E4734E8C0945}.Release|x64.ActiveCfg = Release|Any CPU
		{12D7C1D9-2326-4086-A2D4-E4734E8C0945}.Release|x64.Build.0 = Release|Any CPU
		{12D7C1D9-2326-4086-A2D4-E4734E8C0945}.Release|x86.ActiveCfg = Release|Any CPU
		{12D7C1D9-2326-4086-A2D4-E4734E8C0945}.Release|x86.Build.0 = Release|Any CPU
		{A92D43A7-281F-4498-99F3-83E6D263C814}.Debug|Any CPU.ActiveCfg = Debug|Any CPU
		{A92D43A7-281F-4498-99F3-83E6D263C814}.Debug|Any CPU.Build.0 = Debug|Any CPU
		{A92D43A7-281F-4498-99F3-83E6D263C814}.Debug|x64.ActiveCfg = Debug|Any CPU
		{A92D43A7-281F-4498-99F3-83E6D263C814}.Debug|x64.Build.0 = Debug|Any CPU
		{A92D43A7-281F-4498-99F3-83E6D263C814}.Debug|x86.ActiveCfg = Debug|Any CPU
		{A92D43A7-281F-4498-99F3-83E6D263C814}.Debug|x86.Build.0 = Debug|Any CPU
		{A92D43A7-281F-4498-99F3-83E6D263C814}.Release|Any CPU.ActiveCfg = Release|Any CPU
		{A92D43A7-281F-4498-99F3-83E6D263C814}.Release|Any CPU.Build.0 = Release|Any CPU
		{A92D43A7-281F-4498-99F3-83E6D263C814}.Release|x64.ActiveCfg = Release|Any CPU
		{A92D43A7-281F-4498-99F3-83E6D263C814}.Release|x64.Build.0 = Release|Any CPU
		{A92D43A7-281F-4498-99F3-83E6D263C814}.Release|x86.ActiveCfg = Release|Any CPU
		{A92D43A7-281F-4498-99F3-83E6D263C814}.Release|x86.Build.0 = Release|Any CPU
		{B072E654-A8EC-400D-AB52-5D07DE50DF68}.Debug|Any CPU.ActiveCfg = Debug|Any CPU
		{B072E654-A8EC-400D-AB52-5D07DE50DF68}.Debug|Any CPU.Build.0 = Debug|Any CPU
		{B072E654-A8EC-400D-AB52-5D07DE50DF68}.Debug|x64.ActiveCfg = Debug|Any CPU
		{B072E654-A8EC-400D-AB52-5D07DE50DF68}.Debug|x64.Build.0 = Debug|Any CPU
		{B072E654-A8EC-400D-AB52-5D07DE50DF68}.Debug|x86.ActiveCfg = Debug|Any CPU
		{B072E654-A8EC-400D-AB52-5D07DE50DF68}.Debug|x86.Build.0 = Debug|Any CPU
		{B072E654-A8EC-400D-AB52-5D07DE50DF68}.Release|Any CPU.ActiveCfg = Release|Any CPU
		{B072E654-A8EC-400D-AB52-5D07DE50DF68}.Release|Any CPU.Build.0 = Release|Any CPU
		{B072E654-A8EC-400D-AB52-5D07DE50DF68}.Release|x64.ActiveCfg = Release|Any CPU
		{B072E654-A8EC-400D-AB52-5D07DE50DF68}.Release|x64.Build.0 = Release|Any CPU
		{B072E654-A8EC-400D-AB52-5D07DE50DF68}.Release|x86.ActiveCfg = Release|Any CPU
		{B072E654-A8EC-400D-AB52-5D07DE50DF68}.Release|x86.Build.0 = Release|Any CPU
		{AE6EA854-58BF-41BE-85E1-6BBA63695C22}.Debug|Any CPU.ActiveCfg = Debug|Any CPU
		{AE6EA854-58BF-41BE-85E1-6BBA63695C22}.Debug|Any CPU.Build.0 = Debug|Any CPU
		{AE6EA854-58BF-41BE-85E1-6BBA63695C22}.Debug|x64.ActiveCfg = Debug|Any CPU
		{AE6EA854-58BF-41BE-85E1-6BBA63695C22}.Debug|x64.Build.0 = Debug|Any CPU
		{AE6EA854-58BF-41BE-85E1-6BBA63695C22}.Debug|x86.ActiveCfg = Debug|Any CPU
		{AE6EA854-58BF-41BE-85E1-6BBA63695C22}.Debug|x86.Build.0 = Debug|Any CPU
		{AE6EA854-58BF-41BE-85E1-6BBA63695C22}.Release|Any CPU.ActiveCfg = Release|Any CPU
		{AE6EA854-58BF-41BE-85E1-6BBA63695C22}.Release|Any CPU.Build.0 = Release|Any CPU
		{AE6EA854-58BF-41BE-85E1-6BBA63695C22}.Release|x64.ActiveCfg = Release|Any CPU
		{AE6EA854-58BF-41BE-85E1-6BBA63695C22}.Release|x64.Build.0 = Release|Any CPU
		{AE6EA854-58BF-41BE-85E1-6BBA63695C22}.Release|x86.ActiveCfg = Release|Any CPU
		{AE6EA854-58BF-41BE-85E1-6BBA63695C22}.Release|x86.Build.0 = Release|Any CPU
	EndGlobalSection
EndGlobal
